
Microsoft Visual Studio Solution File, Format Version 12.00
# Visual Studio Version 17
VisualStudioVersion = 17.13.35919.96 d17.13
MinimumVisualStudioVersion = 10.0.40219.1
Project("{FAE04EC0-301F-11D3-BF4B-00C04F79EFBC}") = "TileBasedLevelEditor", "TileBasedLevelEditor.csproj", "{C7A963CA-B7F9-4FF5-85F8-D538DD2FFF4D}"
EndProject
Global
	GlobalSection(SolutionConfigurationPlatforms) = preSolution
		Debug|Any CPU = Debug|Any CPU
		Release|Any CPU = Release|Any CPU
	EndGlobalSection
	GlobalSection(ProjectConfigurationPlatforms) = postSolution
		{C7A963CA-B7F9-4FF5-85F8-D538DD2FFF4D}.Debug|Any CPU.ActiveCfg = Debug|Any CPU
		{C7A963CA-B7F9-4FF5-85F8-D538DD2FFF4D}.Debug|Any CPU.Build.0 = Debug|Any CPU
		{C7A963CA-B7F9-4FF5-85F8-D538DD2FFF4D}.Release|Any CPU.ActiveCfg = Release|Any CPU
		{C7A963CA-B7F9-4FF5-85F8-D538DD2FFF4D}.Release|Any CPU.Build.0 = Release|Any CPU
	EndGlobalSection
	GlobalSection(SolutionProperties) = preSolution
		HideSolutionNode = FALSE
	EndGlobalSection
	GlobalSection(ExtensibilityGlobals) = postSolution
		SolutionGuid = {B089EC2F-CA84-4BFC-ADB4-8B7A9284EBF3}
	EndGlobalSection
EndGlobal
